
Microsoft Visual Studio Solution File, Format Version 12.00
# Visual Studio Version 17
VisualStudioVersion = 17.1.32210.238
MinimumVisualStudioVersion = 10.0.40219.1
Project("{8BC9CEB8-8B4A-11D0-8D11-00A0C91BC942}") = "C++learning", "C++learning\C++learning.vcxproj", "{FFA2B18A-89CB-4B12-967C-853807AEB8C8}"
EndProject
Project("{8BC9CEB8-8B4A-11D0-8D11-00A0C91BC942}") = "Block scope", "Block scope\Block scope.vcxproj", "{53EFC53A-D9FF-4128-8EEB-088933D856ED}"
EndProject
Project("{8BC9CEB8-8B4A-11D0-8D11-00A0C91BC942}") = "Arrays", "Arrays\Arrays.vcxproj", "{17ECCC81-5E2A-4BDC-AAEC-749344C2431C}"
EndProject
Project("{8BC9CEB8-8B4A-11D0-8D11-00A0C91BC942}") = "Strings", "Strings\Strings.vcxproj", "{13008ACE-14B4-42BC-B415-23B715E49846}"
EndProject
Project("{8BC9CEB8-8B4A-11D0-8D11-00A0C91BC942}") = "STL", "STL\STL.vcxproj", "{5493D318-D3E8-482C-84C8-4419BA821A08}"
EndProject
Project("{8BC9CEB8-8B4A-11D0-8D11-00A0C91BC942}") = "Ranges", "Ranges\Ranges.vcxproj", "{08EFA0C8-7124-40C0-A8F6-ABC8DB397BF6}"
EndProject
Project("{8BC9CEB8-8B4A-11D0-8D11-00A0C91BC942}") = "Concepts", "Concepts\Concepts.vcxproj", "{F74D97E0-F32E-4D80-A070-1501B005695D}"
EndProject
Project("{8BC9CEB8-8B4A-11D0-8D11-00A0C91BC942}") = "this", "this\this.vcxproj", "{A7F7A308-7DA4-40EA-82AA-64790E34C315}"
EndProject
Project("{8BC9CEB8-8B4A-11D0-8D11-00A0C91BC942}") = "auto", "auto\auto.vcxproj", "{37D67EDC-1233-4CD0-93D0-766B58EE4B2A}"
EndProject
Project("{8BC9CEB8-8B4A-11D0-8D11-00A0C91BC942}") = "ObserverPattern", "Observer_Pattern\Observer_Pattern.vcxproj", "{3379B9FC-1F45-49DE-AE89-37770B007F23}"
EndProject
Project("{8BC9CEB8-8B4A-11D0-8D11-00A0C91BC942}") = "Pointer", "Pointer\Pointer.vcxproj", "{5F608541-9AB1-401A-8B7F-80A7FC83A22F}"
EndProject
Project("{8BC9CEB8-8B4A-11D0-8D11-00A0C91BC942}") = "C++98", "C++98\C++98.vcxproj", "{6FF47E88-602B-45CA-87F6-C624F1CFF274}"
EndProject
Project("{8BC9CEB8-8B4A-11D0-8D11-00A0C91BC942}") = "Callables", "Callables\Callables.vcxproj", "{557BF181-2DC1-4848-9EAA-641017C31D65}"
EndProject
Project("{8BC9CEB8-8B4A-11D0-8D11-00A0C91BC942}") = "MemberFunctionPointer", "MemberFunctionPointer\MemberFunctionPointer.vcxproj", "{614A0216-91A4-49D8-AE8A-7B548D770822}"
EndProject
Project("{8BC9CEB8-8B4A-11D0-8D11-00A0C91BC942}") = "Networking", "Networking\Networking.vcxproj", "{25411158-BEB4-4682-B35B-79DE673B2CF4}"
EndProject
Project("{8BC9CEB8-8B4A-11D0-8D11-00A0C91BC942}") = "chrono", "chrono\chrono.vcxproj", "{6A0D2B57-72A0-430F-8057-A40B484C03EB}"
EndProject
Project("{8BC9CEB8-8B4A-11D0-8D11-00A0C91BC942}") = "Random", "Random\Random.vcxproj", "{2A915018-8822-474C-B85B-44D716CE7FB2}"
EndProject
Project("{8BC9CEB8-8B4A-11D0-8D11-00A0C91BC942}") = "IO", "IO\IO.vcxproj", "{0512D9CD-A9FF-4EE1-B8E1-7C144E75862C}"
EndProject
Project("{8BC9CEB8-8B4A-11D0-8D11-00A0C91BC942}") = "FactoryMethod", "FactoryMethod\FactoryMethod.vcxproj", "{5BEC6A55-0FDB-42F4-AAF0-1919D41AF4CA}"
EndProject
Project("{8BC9CEB8-8B4A-11D0-8D11-00A0C91BC942}") = "Map", "Map\Map.vcxproj", "{252D8B25-ED5B-4E8C-B991-872A595E868B}"
EndProject
Project("{8BC9CEB8-8B4A-11D0-8D11-00A0C91BC942}") = "decltype", "decltype\decltype.vcxproj", "{4E702AD2-F236-4FD1-B3B1-7FE756B43AD6}"
EndProject
Project("{8BC9CEB8-8B4A-11D0-8D11-00A0C91BC942}") = "final", "final\final.vcxproj", "{D77E04F6-0E67-4F61-A735-A073339DFD4C}"
EndProject
Project("{8BC9CEB8-8B4A-11D0-8D11-00A0C91BC942}") = "deletedAndDefault", "deletedAndDefault\deletedAndDefault.vcxproj", "{D93C1267-E142-479F-ABB7-F3B9E686873A}"
EndProject
Project("{8BC9CEB8-8B4A-11D0-8D11-00A0C91BC942}") = "virtual", "virtual\virtual.vcxproj", "{2EAEE2F7-48EE-4EB0-BF24-0A14AD40C8A2}"
EndProject
Project("{8BC9CEB8-8B4A-11D0-8D11-00A0C91BC942}") = "CommandPattern", "CommandPattern\CommandPattern.vcxproj", "{5121199B-B4F1-4F93-A71D-D706F589EC25}"
EndProject
Project("{8BC9CEB8-8B4A-11D0-8D11-00A0C91BC942}") = "FlyweightPattern", "FlyweightPattern\FlyweightPattern.vcxproj", "{FD2B0403-C0C8-4325-AA8F-70DDE50C3A18}"
EndProject
Project("{8BC9CEB8-8B4A-11D0-8D11-00A0C91BC942}") = "PrototypePattern", "PrototypePattern\PrototypePattern.vcxproj", "{14ACF463-ABAD-47E6-88DE-FD7C173C46F7}"
EndProject
Global
	GlobalSection(SolutionConfigurationPlatforms) = preSolution
		Debug|x64 = Debug|x64
		Debug|x86 = Debug|x86
		Release|x64 = Release|x64
		Release|x86 = Release|x86
	EndGlobalSection
	GlobalSection(ProjectConfigurationPlatforms) = postSolution
		{FFA2B18A-89CB-4B12-967C-853807AEB8C8}.Debug|x64.ActiveCfg = Debug|x64
		{FFA2B18A-89CB-4B12-967C-853807AEB8C8}.Debug|x64.Build.0 = Debug|x64
		{FFA2B18A-89CB-4B12-967C-853807AEB8C8}.Debug|x86.ActiveCfg = Debug|Win32
		{FFA2B18A-89CB-4B12-967C-853807AEB8C8}.Debug|x86.Build.0 = Debug|Win32
		{FFA2B18A-89CB-4B12-967C-853807AEB8C8}.Release|x64.ActiveCfg = Release|x64
		{FFA2B18A-89CB-4B12-967C-853807AEB8C8}.Release|x64.Build.0 = Release|x64
		{FFA2B18A-89CB-4B12-967C-853807AEB8C8}.Release|x86.ActiveCfg = Release|Win32
		{FFA2B18A-89CB-4B12-967C-853807AEB8C8}.Release|x86.Build.0 = Release|Win32
		{53EFC53A-D9FF-4128-8EEB-088933D856ED}.Debug|x64.ActiveCfg = Debug|x64
		{53EFC53A-D9FF-4128-8EEB-088933D856ED}.Debug|x64.Build.0 = Debug|x64
		{53EFC53A-D9FF-4128-8EEB-088933D856ED}.Debug|x86.ActiveCfg = Debug|Win32
		{53EFC53A-D9FF-4128-8EEB-088933D856ED}.Debug|x86.Build.0 = Debug|Win32
		{53EFC53A-D9FF-4128-8EEB-088933D856ED}.Release|x64.ActiveCfg = Release|x64
		{53EFC53A-D9FF-4128-8EEB-088933D856ED}.Release|x64.Build.0 = Release|x64
		{53EFC53A-D9FF-4128-8EEB-088933D856ED}.Release|x86.ActiveCfg = Release|Win32
		{53EFC53A-D9FF-4128-8EEB-088933D856ED}.Release|x86.Build.0 = Release|Win32
		{17ECCC81-5E2A-4BDC-AAEC-749344C2431C}.Debug|x64.ActiveCfg = Debug|x64
		{17ECCC81-5E2A-4BDC-AAEC-749344C2431C}.Debug|x64.Build.0 = Debug|x64
		{17ECCC81-5E2A-4BDC-AAEC-749344C2431C}.Debug|x86.ActiveCfg = Debug|Win32
		{17ECCC81-5E2A-4BDC-AAEC-749344C2431C}.Debug|x86.Build.0 = Debug|Win32
		{17ECCC81-5E2A-4BDC-AAEC-749344C2431C}.Release|x64.ActiveCfg = Release|x64
		{17ECCC81-5E2A-4BDC-AAEC-749344C2431C}.Release|x64.Build.0 = Release|x64
		{17ECCC81-5E2A-4BDC-AAEC-749344C2431C}.Release|x86.ActiveCfg = Release|Win32
		{17ECCC81-5E2A-4BDC-AAEC-749344C2431C}.Release|x86.Build.0 = Release|Win32
		{13008ACE-14B4-42BC-B415-23B715E49846}.Debug|x64.ActiveCfg = Debug|x64
		{13008ACE-14B4-42BC-B415-23B715E49846}.Debug|x64.Build.0 = Debug|x64
		{13008ACE-14B4-42BC-B415-23B715E49846}.Debug|x86.ActiveCfg = Debug|Win32
		{13008ACE-14B4-42BC-B415-23B715E49846}.Debug|x86.Build.0 = Debug|Win32
		{13008ACE-14B4-42BC-B415-23B715E49846}.Release|x64.ActiveCfg = Release|x64
		{13008ACE-14B4-42BC-B415-23B715E49846}.Release|x64.Build.0 = Release|x64
		{13008ACE-14B4-42BC-B415-23B715E49846}.Release|x86.ActiveCfg = Release|Win32
		{13008ACE-14B4-42BC-B415-23B715E49846}.Release|x86.Build.0 = Release|Win32
		{5493D318-D3E8-482C-84C8-4419BA821A08}.Debug|x64.ActiveCfg = Debug|x64
		{5493D318-D3E8-482C-84C8-4419BA821A08}.Debug|x64.Build.0 = Debug|x64
		{5493D318-D3E8-482C-84C8-4419BA821A08}.Debug|x86.ActiveCfg = Debug|Win32
		{5493D318-D3E8-482C-84C8-4419BA821A08}.Debug|x86.Build.0 = Debug|Win32
		{5493D318-D3E8-482C-84C8-4419BA821A08}.Release|x64.ActiveCfg = Release|x64
		{5493D318-D3E8-482C-84C8-4419BA821A08}.Release|x64.Build.0 = Release|x64
		{5493D318-D3E8-482C-84C8-4419BA821A08}.Release|x86.ActiveCfg = Release|Win32
		{5493D318-D3E8-482C-84C8-4419BA821A08}.Release|x86.Build.0 = Release|Win32
		{08EFA0C8-7124-40C0-A8F6-ABC8DB397BF6}.Debug|x64.ActiveCfg = Debug|x64
		{08EFA0C8-7124-40C0-A8F6-ABC8DB397BF6}.Debug|x64.Build.0 = Debug|x64
		{08EFA0C8-7124-40C0-A8F6-ABC8DB397BF6}.Debug|x86.ActiveCfg = Debug|Win32
		{08EFA0C8-7124-40C0-A8F6-ABC8DB397BF6}.Debug|x86.Build.0 = Debug|Win32
		{08EFA0C8-7124-40C0-A8F6-ABC8DB397BF6}.Release|x64.ActiveCfg = Release|x64
		{08EFA0C8-7124-40C0-A8F6-ABC8DB397BF6}.Release|x64.Build.0 = Release|x64
		{08EFA0C8-7124-40C0-A8F6-ABC8DB397BF6}.Release|x86.ActiveCfg = Release|Win32
		{08EFA0C8-7124-40C0-A8F6-ABC8DB397BF6}.Release|x86.Build.0 = Release|Win32
		{F74D97E0-F32E-4D80-A070-1501B005695D}.Debug|x64.ActiveCfg = Debug|x64
		{F74D97E0-F32E-4D80-A070-1501B005695D}.Debug|x64.Build.0 = Debug|x64
		{F74D97E0-F32E-4D80-A070-1501B005695D}.Debug|x86.ActiveCfg = Debug|Win32
		{F74D97E0-F32E-4D80-A070-1501B005695D}.Debug|x86.Build.0 = Debug|Win32
		{F74D97E0-F32E-4D80-A070-1501B005695D}.Release|x64.ActiveCfg = Release|x64
		{F74D97E0-F32E-4D80-A070-1501B005695D}.Release|x64.Build.0 = Release|x64
		{F74D97E0-F32E-4D80-A070-1501B005695D}.Release|x86.ActiveCfg = Release|Win32
		{F74D97E0-F32E-4D80-A070-1501B005695D}.Release|x86.Build.0 = Release|Win32
		{A7F7A308-7DA4-40EA-82AA-64790E34C315}.Debug|x64.ActiveCfg = Debug|x64
		{A7F7A308-7DA4-40EA-82AA-64790E34C315}.Debug|x64.Build.0 = Debug|x64
		{A7F7A308-7DA4-40EA-82AA-64790E34C315}.Debug|x86.ActiveCfg = Debug|Win32
		{A7F7A308-7DA4-40EA-82AA-64790E34C315}.Debug|x86.Build.0 = Debug|Win32
		{A7F7A308-7DA4-40EA-82AA-64790E34C315}.Release|x64.ActiveCfg = Release|x64
		{A7F7A308-7DA4-40EA-82AA-64790E34C315}.Release|x64.Build.0 = Release|x64
		{A7F7A308-7DA4-40EA-82AA-64790E34C315}.Release|x86.ActiveCfg = Release|Win32
		{A7F7A308-7DA4-40EA-82AA-64790E34C315}.Release|x86.Build.0 = Release|Win32
		{37D67EDC-1233-4CD0-93D0-766B58EE4B2A}.Debug|x64.ActiveCfg = Debug|x64
		{37D67EDC-1233-4CD0-93D0-766B58EE4B2A}.Debug|x64.Build.0 = Debug|x64
		{37D67EDC-1233-4CD0-93D0-766B58EE4B2A}.Debug|x86.ActiveCfg = Debug|Win32
		{37D67EDC-1233-4CD0-93D0-766B58EE4B2A}.Debug|x86.Build.0 = Debug|Win32
		{37D67EDC-1233-4CD0-93D0-766B58EE4B2A}.Release|x64.ActiveCfg = Release|x64
		{37D67EDC-1233-4CD0-93D0-766B58EE4B2A}.Release|x64.Build.0 = Release|x64
		{37D67EDC-1233-4CD0-93D0-766B58EE4B2A}.Release|x86.ActiveCfg = Release|Win32
		{37D67EDC-1233-4CD0-93D0-766B58EE4B2A}.Release|x86.Build.0 = Release|Win32
		{3379B9FC-1F45-49DE-AE89-37770B007F23}.Debug|x64.ActiveCfg = Debug|x64
		{3379B9FC-1F45-49DE-AE89-37770B007F23}.Debug|x64.Build.0 = Debug|x64
		{3379B9FC-1F45-49DE-AE89-37770B007F23}.Debug|x86.ActiveCfg = Debug|Win32
		{3379B9FC-1F45-49DE-AE89-37770B007F23}.Debug|x86.Build.0 = Debug|Win32
		{3379B9FC-1F45-49DE-AE89-37770B007F23}.Release|x64.ActiveCfg = Release|x64
		{3379B9FC-1F45-49DE-AE89-37770B007F23}.Release|x64.Build.0 = Release|x64
		{3379B9FC-1F45-49DE-AE89-37770B007F23}.Release|x86.ActiveCfg = Release|Win32
		{3379B9FC-1F45-49DE-AE89-37770B007F23}.Release|x86.Build.0 = Release|Win32
		{5F608541-9AB1-401A-8B7F-80A7FC83A22F}.Debug|x64.ActiveCfg = Debug|x64
		{5F608541-9AB1-401A-8B7F-80A7FC83A22F}.Debug|x64.Build.0 = Debug|x64
		{5F608541-9AB1-401A-8B7F-80A7FC83A22F}.Debug|x86.ActiveCfg = Debug|Win32
		{5F608541-9AB1-401A-8B7F-80A7FC83A22F}.Debug|x86.Build.0 = Debug|Win32
		{5F608541-9AB1-401A-8B7F-80A7FC83A22F}.Release|x64.ActiveCfg = Release|x64
		{5F608541-9AB1-401A-8B7F-80A7FC83A22F}.Release|x64.Build.0 = Release|x64
		{5F608541-9AB1-401A-8B7F-80A7FC83A22F}.Release|x86.ActiveCfg = Release|Win32
		{5F608541-9AB1-401A-8B7F-80A7FC83A22F}.Release|x86.Build.0 = Release|Win32
		{6FF47E88-602B-45CA-87F6-C624F1CFF274}.Debug|x64.ActiveCfg = Debug|x64
		{6FF47E88-602B-45CA-87F6-C624F1CFF274}.Debug|x64.Build.0 = Debug|x64
		{6FF47E88-602B-45CA-87F6-C624F1CFF274}.Debug|x86.ActiveCfg = Debug|Win32
		{6FF47E88-602B-45CA-87F6-C624F1CFF274}.Debug|x86.Build.0 = Debug|Win32
		{6FF47E88-602B-45CA-87F6-C624F1CFF274}.Release|x64.ActiveCfg = Release|x64
		{6FF47E88-602B-45CA-87F6-C624F1CFF274}.Release|x64.Build.0 = Release|x64
		{6FF47E88-602B-45CA-87F6-C624F1CFF274}.Release|x86.ActiveCfg = Release|Win32
		{6FF47E88-602B-45CA-87F6-C624F1CFF274}.Release|x86.Build.0 = Release|Win32
		{557BF181-2DC1-4848-9EAA-641017C31D65}.Debug|x64.ActiveCfg = Debug|x64
		{557BF181-2DC1-4848-9EAA-641017C31D65}.Debug|x64.Build.0 = Debug|x64
		{557BF181-2DC1-4848-9EAA-641017C31D65}.Debug|x86.ActiveCfg = Debug|Win32
		{557BF181-2DC1-4848-9EAA-641017C31D65}.Debug|x86.Build.0 = Debug|Win32
		{557BF181-2DC1-4848-9EAA-641017C31D65}.Release|x64.ActiveCfg = Release|x64
		{557BF181-2DC1-4848-9EAA-641017C31D65}.Release|x64.Build.0 = Release|x64
		{557BF181-2DC1-4848-9EAA-641017C31D65}.Release|x86.ActiveCfg = Release|Win32
		{557BF181-2DC1-4848-9EAA-641017C31D65}.Release|x86.Build.0 = Release|Win32
		{614A0216-91A4-49D8-AE8A-7B548D770822}.Debug|x64.ActiveCfg = Debug|x64
		{614A0216-91A4-49D8-AE8A-7B548D770822}.Debug|x64.Build.0 = Debug|x64
		{614A0216-91A4-49D8-AE8A-7B548D770822}.Debug|x86.ActiveCfg = Debug|Win32
		{614A0216-91A4-49D8-AE8A-7B548D770822}.Debug|x86.Build.0 = Debug|Win32
		{614A0216-91A4-49D8-AE8A-7B548D770822}.Release|x64.ActiveCfg = Release|x64
		{614A0216-91A4-49D8-AE8A-7B548D770822}.Release|x64.Build.0 = Release|x64
		{614A0216-91A4-49D8-AE8A-7B548D770822}.Release|x86.ActiveCfg = Release|Win32
		{614A0216-91A4-49D8-AE8A-7B548D770822}.Release|x86.Build.0 = Release|Win32
		{25411158-BEB4-4682-B35B-79DE673B2CF4}.Debug|x64.ActiveCfg = Debug|x64
		{25411158-BEB4-4682-B35B-79DE673B2CF4}.Debug|x64.Build.0 = Debug|x64
		{25411158-BEB4-4682-B35B-79DE673B2CF4}.Debug|x86.ActiveCfg = Debug|Win32
		{25411158-BEB4-4682-B35B-79DE673B2CF4}.Debug|x86.Build.0 = Debug|Win32
		{25411158-BEB4-4682-B35B-79DE673B2CF4}.Release|x64.ActiveCfg = Release|x64
		{25411158-BEB4-4682-B35B-79DE673B2CF4}.Release|x64.Build.0 = Release|x64
		{25411158-BEB4-4682-B35B-79DE673B2CF4}.Release|x86.ActiveCfg = Release|Win32
		{25411158-BEB4-4682-B35B-79DE673B2CF4}.Release|x86.Build.0 = Release|Win32
		{6A0D2B57-72A0-430F-8057-A40B484C03EB}.Debug|x64.ActiveCfg = Debug|x64
		{6A0D2B57-72A0-430F-8057-A40B484C03EB}.Debug|x64.Build.0 = Debug|x64
		{6A0D2B57-72A0-430F-8057-A40B484C03EB}.Debug|x86.ActiveCfg = Debug|Win32
		{6A0D2B57-72A0-430F-8057-A40B484C03EB}.Debug|x86.Build.0 = Debug|Win32
		{6A0D2B57-72A0-430F-8057-A40B484C03EB}.Release|x64.ActiveCfg = Release|x64
		{6A0D2B57-72A0-430F-8057-A40B484C03EB}.Release|x64.Build.0 = Release|x64
		{6A0D2B57-72A0-430F-8057-A40B484C03EB}.Release|x86.ActiveCfg = Release|Win32
		{6A0D2B57-72A0-430F-8057-A40B484C03EB}.Release|x86.Build.0 = Release|Win32
		{2A915018-8822-474C-B85B-44D716CE7FB2}.Debug|x64.ActiveCfg = Debug|x64
		{2A915018-8822-474C-B85B-44D716CE7FB2}.Debug|x64.Build.0 = Debug|x64
		{2A915018-8822-474C-B85B-44D716CE7FB2}.Debug|x86.ActiveCfg = Debug|Win32
		{2A915018-8822-474C-B85B-44D716CE7FB2}.Debug|x86.Build.0 = Debug|Win32
		{2A915018-8822-474C-B85B-44D716CE7FB2}.Release|x64.ActiveCfg = Release|x64
		{2A915018-8822-474C-B85B-44D716CE7FB2}.Release|x64.Build.0 = Release|x64
		{2A915018-8822-474C-B85B-44D716CE7FB2}.Release|x86.ActiveCfg = Release|Win32
		{2A915018-8822-474C-B85B-44D716CE7FB2}.Release|x86.Build.0 = Release|Win32
		{0512D9CD-A9FF-4EE1-B8E1-7C144E75862C}.Debug|x64.ActiveCfg = Debug|x64
		{0512D9CD-A9FF-4EE1-B8E1-7C144E75862C}.Debug|x64.Build.0 = Debug|x64
		{0512D9CD-A9FF-4EE1-B8E1-7C144E75862C}.Debug|x86.ActiveCfg = Debug|Win32
		{0512D9CD-A9FF-4EE1-B8E1-7C144E75862C}.Debug|x86.Build.0 = Debug|Win32
		{0512D9CD-A9FF-4EE1-B8E1-7C144E75862C}.Release|x64.ActiveCfg = Release|x64
		{0512D9CD-A9FF-4EE1-B8E1-7C144E75862C}.Release|x64.Build.0 = Release|x64
		{0512D9CD-A9FF-4EE1-B8E1-7C144E75862C}.Release|x86.ActiveCfg = Release|Win32
		{0512D9CD-A9FF-4EE1-B8E1-7C144E75862C}.Release|x86.Build.0 = Release|Win32
		{5BEC6A55-0FDB-42F4-AAF0-1919D41AF4CA}.Debug|x64.ActiveCfg = Debug|x64
		{5BEC6A55-0FDB-42F4-AAF0-1919D41AF4CA}.Debug|x64.Build.0 = Debug|x64
		{5BEC6A55-0FDB-42F4-AAF0-1919D41AF4CA}.Debug|x86.ActiveCfg = Debug|Win32
		{5BEC6A55-0FDB-42F4-AAF0-1919D41AF4CA}.Debug|x86.Build.0 = Debug|Win32
		{5BEC6A55-0FDB-42F4-AAF0-1919D41AF4CA}.Release|x64.ActiveCfg = Release|x64
		{5BEC6A55-0FDB-42F4-AAF0-1919D41AF4CA}.Release|x64.Build.0 = Release|x64
		{5BEC6A55-0FDB-42F4-AAF0-1919D41AF4CA}.Release|x86.ActiveCfg = Release|Win32
		{5BEC6A55-0FDB-42F4-AAF0-1919D41AF4CA}.Release|x86.Build.0 = Release|Win32
		{252D8B25-ED5B-4E8C-B991-872A595E868B}.Debug|x64.ActiveCfg = Debug|x64
		{252D8B25-ED5B-4E8C-B991-872A595E868B}.Debug|x64.Build.0 = Debug|x64
		{252D8B25-ED5B-4E8C-B991-872A595E868B}.Debug|x86.ActiveCfg = Debug|Win32
		{252D8B25-ED5B-4E8C-B991-872A595E868B}.Debug|x86.Build.0 = Debug|Win32
		{252D8B25-ED5B-4E8C-B991-872A595E868B}.Release|x64.ActiveCfg = Release|x64
		{252D8B25-ED5B-4E8C-B991-872A595E868B}.Release|x64.Build.0 = Release|x64
		{252D8B25-ED5B-4E8C-B991-872A595E868B}.Release|x86.ActiveCfg = Release|Win32
		{252D8B25-ED5B-4E8C-B991-872A595E868B}.Release|x86.Build.0 = Release|Win32
		{4E702AD2-F236-4FD1-B3B1-7FE756B43AD6}.Debug|x64.ActiveCfg = Debug|x64
		{4E702AD2-F236-4FD1-B3B1-7FE756B43AD6}.Debug|x64.Build.0 = Debug|x64
		{4E702AD2-F236-4FD1-B3B1-7FE756B43AD6}.Debug|x86.ActiveCfg = Debug|Win32
		{4E702AD2-F236-4FD1-B3B1-7FE756B43AD6}.Debug|x86.Build.0 = Debug|Win32
		{4E702AD2-F236-4FD1-B3B1-7FE756B43AD6}.Release|x64.ActiveCfg = Release|x64
		{4E702AD2-F236-4FD1-B3B1-7FE756B43AD6}.Release|x64.Build.0 = Release|x64
		{4E702AD2-F236-4FD1-B3B1-7FE756B43AD6}.Release|x86.ActiveCfg = Release|Win32
		{4E702AD2-F236-4FD1-B3B1-7FE756B43AD6}.Release|x86.Build.0 = Release|Win32
		{D77E04F6-0E67-4F61-A735-A073339DFD4C}.Debug|x64.ActiveCfg = Debug|x64
		{D77E04F6-0E67-4F61-A735-A073339DFD4C}.Debug|x64.Build.0 = Debug|x64
		{D77E04F6-0E67-4F61-A735-A073339DFD4C}.Debug|x86.ActiveCfg = Debug|Win32
		{D77E04F6-0E67-4F61-A735-A073339DFD4C}.Debug|x86.Build.0 = Debug|Win32
		{D77E04F6-0E67-4F61-A735-A073339DFD4C}.Release|x64.ActiveCfg = Release|x64
		{D77E04F6-0E67-4F61-A735-A073339DFD4C}.Release|x64.Build.0 = Release|x64
		{D77E04F6-0E67-4F61-A735-A073339DFD4C}.Release|x86.ActiveCfg = Release|Win32
		{D77E04F6-0E67-4F61-A735-A073339DFD4C}.Release|x86.Build.0 = Release|Win32
		{D93C1267-E142-479F-ABB7-F3B9E686873A}.Debug|x64.ActiveCfg = Debug|x64
		{D93C1267-E142-479F-ABB7-F3B9E686873A}.Debug|x64.Build.0 = Debug|x64
		{D93C1267-E142-479F-ABB7-F3B9E686873A}.Debug|x86.ActiveCfg = Debug|Win32
		{D93C1267-E142-479F-ABB7-F3B9E686873A}.Debug|x86.Build.0 = Debug|Win32
		{D93C1267-E142-479F-ABB7-F3B9E686873A}.Release|x64.ActiveCfg = Release|x64
		{D93C1267-E142-479F-ABB7-F3B9E686873A}.Release|x64.Build.0 = Release|x64
		{D93C1267-E142-479F-ABB7-F3B9E686873A}.Release|x86.ActiveCfg = Release|Win32
		{D93C1267-E142-479F-ABB7-F3B9E686873A}.Release|x86.Build.0 = Release|Win32
		{2EAEE2F7-48EE-4EB0-BF24-0A14AD40C8A2}.Debug|x64.ActiveCfg = Debug|x64
		{2EAEE2F7-48EE-4EB0-BF24-0A14AD40C8A2}.Debug|x64.Build.0 = Debug|x64
		{2EAEE2F7-48EE-4EB0-BF24-0A14AD40C8A2}.Debug|x86.ActiveCfg = Debug|Win32
		{2EAEE2F7-48EE-4EB0-BF24-0A14AD40C8A2}.Debug|x86.Build.0 = Debug|Win32
		{2EAEE2F7-48EE-4EB0-BF24-0A14AD40C8A2}.Release|x64.ActiveCfg = Release|x64
		{2EAEE2F7-48EE-4EB0-BF24-0A14AD40C8A2}.Release|x64.Build.0 = Release|x64
		{2EAEE2F7-48EE-4EB0-BF24-0A14AD40C8A2}.Release|x86.ActiveCfg = Release|Win32
		{2EAEE2F7-48EE-4EB0-BF24-0A14AD40C8A2}.Release|x86.Build.0 = Release|Win32
		{5121199B-B4F1-4F93-A71D-D706F589EC25}.Debug|x64.ActiveCfg = Debug|x64
		{5121199B-B4F1-4F93-A71D-D706F589EC25}.Debug|x64.Build.0 = Debug|x64
		{5121199B-B4F1-4F93-A71D-D706F589EC25}.Debug|x86.ActiveCfg = Debug|Win32
		{5121199B-B4F1-4F93-A71D-D706F589EC25}.Debug|x86.Build.0 = Debug|Win32
		{5121199B-B4F1-4F93-A71D-D706F589EC25}.Release|x64.ActiveCfg = Release|x64
		{5121199B-B4F1-4F93-A71D-D706F589EC25}.Release|x64.Build.0 = Release|x64
		{5121199B-B4F1-4F93-A71D-D706F589EC25}.Release|x86.ActiveCfg = Release|Win32
		{5121199B-B4F1-4F93-A71D-D706F589EC25}.Release|x86.Build.0 = Release|Win32
		{FD2B0403-C0C8-4325-AA8F-70DDE50C3A18}.Debug|x64.ActiveCfg = Debug|x64
		{FD2B0403-C0C8-4325-AA8F-70DDE50C3A18}.Debug|x64.Build.0 = Debug|x64
		{FD2B0403-C0C8-4325-AA8F-70DDE50C3A18}.Debug|x86.ActiveCfg = Debug|Win32
		{FD2B0403-C0C8-4325-AA8F-70DDE50C3A18}.Debug|x86.Build.0 = Debug|Win32
		{FD2B0403-C0C8-4325-AA8F-70DDE50C3A18}.Release|x64.ActiveCfg = Release|x64
		{FD2B0403-C0C8-4325-AA8F-70DDE50C3A18}.Release|x64.Build.0 = Release|x64
		{FD2B0403-C0C8-4325-AA8F-70DDE50C3A18}.Release|x86.ActiveCfg = Release|Win32
		{FD2B0403-C0C8-4325-AA8F-70DDE50C3A18}.Release|x86.Build.0 = Release|Win32
		{14ACF463-ABAD-47E6-88DE-FD7C173C46F7}.Debug|x64.ActiveCfg = Debug|x64
		{14ACF463-ABAD-47E6-88DE-FD7C173C46F7}.Debug|x64.Build.0 = Debug|x64
		{14ACF463-ABAD-47E6-88DE-FD7C173C46F7}.Debug|x86.ActiveCfg = Debug|Win32
		{14ACF463-ABAD-47E6-88DE-FD7C173C46F7}.Debug|x86.Build.0 = Debug|Win32
		{14ACF463-ABAD-47E6-88DE-FD7C173C46F7}.Release|x64.ActiveCfg = Release|x64
		{14ACF463-ABAD-47E6-88DE-FD7C173C46F7}.Release|x64.Build.0 = Release|x64
		{14ACF463-ABAD-47E6-88DE-FD7C173C46F7}.Release|x86.ActiveCfg = Release|Win32
		{14ACF463-ABAD-47E6-88DE-FD7C173C46F7}.Release|x86.Build.0 = Release|Win32
	EndGlobalSection
	GlobalSection(SolutionProperties) = preSolution
		HideSolutionNode = FALSE
	EndGlobalSection
	GlobalSection(ExtensibilityGlobals) = postSolution
		SolutionGuid = {02AA6C33-C795-4B2A-91CD-279D2DDE55C2}
	EndGlobalSection
EndGlobal
